
Microsoft Visual Studio Solution File, Format Version 12.00
Project("{2150E333-8FDC-42A3-9474-1A3956D46DE8}") = "Building Blocks", "Building Blocks", "{7BC5D873-31A5-4793-9176-28BD72C797D0}"
EndProject
Project("{2150E333-8FDC-42A3-9474-1A3956D46DE8}") = "src", "src", "{6AC62705-1A1C-4D2B-BCD4-95D0C556FB91}"
EndProject
Project("{2150E333-8FDC-42A3-9474-1A3956D46DE8}") = "Services", "Services", "{4A3BBC80-F4E0-477B-B62C-D8135B63235F}"
EndProject
Project("{2150E333-8FDC-42A3-9474-1A3956D46DE8}") = "Web", "Web", "{790CD86C-1BA1-4E74-AEDD-9E67A63321ED}"
EndProject
Project("{2150E333-8FDC-42A3-9474-1A3956D46DE8}") = "Authentication", "Authentication", "{1C0177EE-33C6-4822-B3F6-3ADBD1B9BC1E}"
EndProject
Project("{FAE04EC0-301F-11D3-BF4B-00C04F79EFBC}") = "Store.Authentication.API", "src\services\Store.Authentication.API\Store.Authentication.API.csproj", "{ABB0F55B-4E61-44D5-9208-A7A4342AB1AE}"
EndProject
Project("{FAE04EC0-301F-11D3-BF4B-00C04F79EFBC}") = "Store.Authentication.Data", "src\services\Store.Authentication.Data\Store.Authentication.Data.csproj", "{94500072-145E-41B3-B7AD-42E34C0661DA}"
EndProject
Project("{FAE04EC0-301F-11D3-BF4B-00C04F79EFBC}") = "Store.Authentication.Infra.CrossCutting.IoC", "src\services\Store.Authentication.Infra.CrossCutting.IoC\Store.Authentication.Infra.CrossCutting.IoC.csproj", "{C6AC83E7-1089-49C7-A579-B5A5A29D488A}"
EndProject
Project("{FAE04EC0-301F-11D3-BF4B-00C04F79EFBC}") = "Store.Authentication.Shared.Core", "src\services\Store.Authentication.Shared.Core\Store.Authentication.Shared.Core.csproj", "{C2ED5058-710A-4143-97FE-BDDF49C3BFB4}"
EndProject
Project("{2150E333-8FDC-42A3-9474-1A3956D46DE8}") = "Catalog", "Catalog", "{A62116ED-9570-40D5-96C9-CB8B785BE035}"
EndProject
Project("{FAE04EC0-301F-11D3-BF4B-00C04F79EFBC}") = "Store.Catalog.API", "src\services\Store.Catalog.API\Store.Catalog.API.csproj", "{7DDEE0C5-EAC9-4462-BF45-044706A59896}"
EndProject
Project("{FAE04EC0-301F-11D3-BF4B-00C04F79EFBC}") = "Store.Catalog.Data", "src\services\Store.Catalog.Data\Store.Catalog.Data.csproj", "{23BB581D-A34B-40CE-AD14-0F585D6C6EF8}"
EndProject
Project("{FAE04EC0-301F-11D3-BF4B-00C04F79EFBC}") = "Store.Catalog.Infra.CrossCutting.IoC", "src\services\Store.Catalog.Infra.CrossCutting.IoC\Store.Catalog.Infra.CrossCutting.IoC.csproj", "{81064C77-788D-4448-980B-33081DDFA23F}"
EndProject
Project("{FAE04EC0-301F-11D3-BF4B-00C04F79EFBC}") = "Store.Catalog.Shared.Core", "src\services\Store.Catalog.Shared.Core\Store.Catalog.Shared.Core.csproj", "{64D77EF2-5F3B-424E-BD73-9C6FE86FA038}"
EndProject
Project("{FAE04EC0-301F-11D3-BF4B-00C04F79EFBC}") = "Store.Catalog.Domain", "src\services\Store.Catalog.Domain\Store.Catalog.Domain.csproj", "{AE1FA81E-43C3-4C6E-B6E3-5339908FA8C2}"
EndProject
Project("{2150E333-8FDC-42A3-9474-1A3956D46DE8}") = "Core", "Core", "{AB9A8FEE-8E63-4BA8-971D-2ECD6A435F83}"
EndProject
Project("{FAE04EC0-301F-11D3-BF4B-00C04F79EFBC}") = "Core", "src\building blocks\Core\Core.csproj", "{0B5711E9-60ED-4DF8-A62E-655C2030CBA3}"
EndProject
Project("{FAE04EC0-301F-11D3-BF4B-00C04F79EFBC}") = "Store.Catalog.Application", "src\services\Store.Catalog.Application\Store.Catalog.Application.csproj", "{C24073D8-F653-4BA4-AB37-CE40507334A0}"
EndProject
Project("{2150E333-8FDC-42A3-9474-1A3956D46DE8}") = "Services", "Services", "{7444FBBE-66D4-457D-A035-CBE6A97A8115}"
EndProject
Project("{FAE04EC0-301F-11D3-BF4B-00C04F79EFBC}") = "Store.WebApi.Core", "src\building blocks\Store.WebApi.Core\Store.WebApi.Core.csproj", "{1017BA85-886B-4262-858B-56193C119A5B}"
EndProject
Project("{2150E333-8FDC-42A3-9474-1A3956D46DE8}") = "Customer", "Customer", "{87300D01-0DD2-4A1E-BB67-2562EEB272A9}"
EndProject
Project("{FAE04EC0-301F-11D3-BF4B-00C04F79EFBC}") = "Store.Customers.API", "src\services\Store.Customers.API\Store.Customers.API.csproj", "{43050D28-41A1-426E-8DCA-984E29B1BE73}"
EndProject
Project("{FAE04EC0-301F-11D3-BF4B-00C04F79EFBC}") = "Store.Customers.Domain", "src\services\Store.Customers.Domain\Store.Customers.Domain.csproj", "{F56A85A8-97E0-468F-9535-23BE950A4624}"
EndProject
Project("{FAE04EC0-301F-11D3-BF4B-00C04F79EFBC}") = "Store.Customers.Application", "src\services\Store.Customers.Application\Store.Customers.Application.csproj", "{A1004BD3-1542-4C0F-B757-83916EF60B50}"
EndProject
Project("{FAE04EC0-301F-11D3-BF4B-00C04F79EFBC}") = "Store.Customers.Data", "src\services\Store.Customers.Data\Store.Customers.Data.csproj", "{F9DF41EF-DED4-45AA-BEC9-4A01B64D6F7D}"
EndProject
Project("{FAE04EC0-301F-11D3-BF4B-00C04F79EFBC}") = "Store.Customers.Infra.CrossCutting.IoC", "src\services\Store.Customers.Infra.CrossCutting.IoC\Store.Customers.Infra.CrossCutting.IoC.csproj", "{0B513555-A17A-4058-BC4F-F7A4754DC4FE}"
EndProject
Project("{FAE04EC0-301F-11D3-BF4B-00C04F79EFBC}") = "Store.Customers.Shared.Core", "src\services\Store.Customers.Shared.Core\Store.Customers.Shared.Core.csproj", "{686A0201-5191-4C44-8D2C-6BD12D0DF7CE}"
EndProject
Global
	GlobalSection(SolutionConfigurationPlatforms) = preSolution
		Debug|Any CPU = Debug|Any CPU
		Release|Any CPU = Release|Any CPU
	EndGlobalSection
	GlobalSection(ProjectConfigurationPlatforms) = postSolution
		{ABB0F55B-4E61-44D5-9208-A7A4342AB1AE}.Debug|Any CPU.ActiveCfg = Debug|Any CPU
		{ABB0F55B-4E61-44D5-9208-A7A4342AB1AE}.Debug|Any CPU.Build.0 = Debug|Any CPU
		{ABB0F55B-4E61-44D5-9208-A7A4342AB1AE}.Release|Any CPU.ActiveCfg = Release|Any CPU
		{ABB0F55B-4E61-44D5-9208-A7A4342AB1AE}.Release|Any CPU.Build.0 = Release|Any CPU
		{94500072-145E-41B3-B7AD-42E34C0661DA}.Debug|Any CPU.ActiveCfg = Debug|Any CPU
		{94500072-145E-41B3-B7AD-42E34C0661DA}.Debug|Any CPU.Build.0 = Debug|Any CPU
		{94500072-145E-41B3-B7AD-42E34C0661DA}.Release|Any CPU.ActiveCfg = Release|Any CPU
		{94500072-145E-41B3-B7AD-42E34C0661DA}.Release|Any CPU.Build.0 = Release|Any CPU
		{C6AC83E7-1089-49C7-A579-B5A5A29D488A}.Debug|Any CPU.ActiveCfg = Debug|Any CPU
		{C6AC83E7-1089-49C7-A579-B5A5A29D488A}.Debug|Any CPU.Build.0 = Debug|Any CPU
		{C6AC83E7-1089-49C7-A579-B5A5A29D488A}.Release|Any CPU.ActiveCfg = Release|Any CPU
		{C6AC83E7-1089-49C7-A579-B5A5A29D488A}.Release|Any CPU.Build.0 = Release|Any CPU
		{C2ED5058-710A-4143-97FE-BDDF49C3BFB4}.Debug|Any CPU.ActiveCfg = Debug|Any CPU
		{C2ED5058-710A-4143-97FE-BDDF49C3BFB4}.Debug|Any CPU.Build.0 = Debug|Any CPU
		{C2ED5058-710A-4143-97FE-BDDF49C3BFB4}.Release|Any CPU.ActiveCfg = Release|Any CPU
		{C2ED5058-710A-4143-97FE-BDDF49C3BFB4}.Release|Any CPU.Build.0 = Release|Any CPU
		{7DDEE0C5-EAC9-4462-BF45-044706A59896}.Debug|Any CPU.ActiveCfg = Debug|Any CPU
		{7DDEE0C5-EAC9-4462-BF45-044706A59896}.Debug|Any CPU.Build.0 = Debug|Any CPU
		{7DDEE0C5-EAC9-4462-BF45-044706A59896}.Release|Any CPU.ActiveCfg = Release|Any CPU
		{7DDEE0C5-EAC9-4462-BF45-044706A59896}.Release|Any CPU.Build.0 = Release|Any CPU
		{23BB581D-A34B-40CE-AD14-0F585D6C6EF8}.Debug|Any CPU.ActiveCfg = Debug|Any CPU
		{23BB581D-A34B-40CE-AD14-0F585D6C6EF8}.Debug|Any CPU.Build.0 = Debug|Any CPU
		{23BB581D-A34B-40CE-AD14-0F585D6C6EF8}.Release|Any CPU.ActiveCfg = Release|Any CPU
		{23BB581D-A34B-40CE-AD14-0F585D6C6EF8}.Release|Any CPU.Build.0 = Release|Any CPU
		{81064C77-788D-4448-980B-33081DDFA23F}.Debug|Any CPU.ActiveCfg = Debug|Any CPU
		{81064C77-788D-4448-980B-33081DDFA23F}.Debug|Any CPU.Build.0 = Debug|Any CPU
		{81064C77-788D-4448-980B-33081DDFA23F}.Release|Any CPU.ActiveCfg = Release|Any CPU
		{81064C77-788D-4448-980B-33081DDFA23F}.Release|Any CPU.Build.0 = Release|Any CPU
		{64D77EF2-5F3B-424E-BD73-9C6FE86FA038}.Debug|Any CPU.ActiveCfg = Debug|Any CPU
		{64D77EF2-5F3B-424E-BD73-9C6FE86FA038}.Debug|Any CPU.Build.0 = Debug|Any CPU
		{64D77EF2-5F3B-424E-BD73-9C6FE86FA038}.Release|Any CPU.ActiveCfg = Release|Any CPU
		{64D77EF2-5F3B-424E-BD73-9C6FE86FA038}.Release|Any CPU.Build.0 = Release|Any CPU
		{AE1FA81E-43C3-4C6E-B6E3-5339908FA8C2}.Debug|Any CPU.ActiveCfg = Debug|Any CPU
		{AE1FA81E-43C3-4C6E-B6E3-5339908FA8C2}.Debug|Any CPU.Build.0 = Debug|Any CPU
		{AE1FA81E-43C3-4C6E-B6E3-5339908FA8C2}.Release|Any CPU.ActiveCfg = Release|Any CPU
		{AE1FA81E-43C3-4C6E-B6E3-5339908FA8C2}.Release|Any CPU.Build.0 = Release|Any CPU
		{0B5711E9-60ED-4DF8-A62E-655C2030CBA3}.Debug|Any CPU.ActiveCfg = Debug|Any CPU
		{0B5711E9-60ED-4DF8-A62E-655C2030CBA3}.Debug|Any CPU.Build.0 = Debug|Any CPU
		{0B5711E9-60ED-4DF8-A62E-655C2030CBA3}.Release|Any CPU.ActiveCfg = Release|Any CPU
		{0B5711E9-60ED-4DF8-A62E-655C2030CBA3}.Release|Any CPU.Build.0 = Release|Any CPU
		{C24073D8-F653-4BA4-AB37-CE40507334A0}.Debug|Any CPU.ActiveCfg = Debug|Any CPU
		{C24073D8-F653-4BA4-AB37-CE40507334A0}.Debug|Any CPU.Build.0 = Debug|Any CPU
		{C24073D8-F653-4BA4-AB37-CE40507334A0}.Release|Any CPU.ActiveCfg = Release|Any CPU
		{C24073D8-F653-4BA4-AB37-CE40507334A0}.Release|Any CPU.Build.0 = Release|Any CPU
		{1017BA85-886B-4262-858B-56193C119A5B}.Debug|Any CPU.ActiveCfg = Debug|Any CPU
		{1017BA85-886B-4262-858B-56193C119A5B}.Debug|Any CPU.Build.0 = Debug|Any CPU
		{1017BA85-886B-4262-858B-56193C119A5B}.Release|Any CPU.ActiveCfg = Release|Any CPU
		{1017BA85-886B-4262-858B-56193C119A5B}.Release|Any CPU.Build.0 = Release|Any CPU
		{43050D28-41A1-426E-8DCA-984E29B1BE73}.Debug|Any CPU.ActiveCfg = Debug|Any CPU
		{43050D28-41A1-426E-8DCA-984E29B1BE73}.Debug|Any CPU.Build.0 = Debug|Any CPU
		{43050D28-41A1-426E-8DCA-984E29B1BE73}.Release|Any CPU.ActiveCfg = Release|Any CPU
		{43050D28-41A1-426E-8DCA-984E29B1BE73}.Release|Any CPU.Build.0 = Release|Any CPU
		{F56A85A8-97E0-468F-9535-23BE950A4624}.Debug|Any CPU.ActiveCfg = Debug|Any CPU
		{F56A85A8-97E0-468F-9535-23BE950A4624}.Debug|Any CPU.Build.0 = Debug|Any CPU
		{F56A85A8-97E0-468F-9535-23BE950A4624}.Release|Any CPU.ActiveCfg = Release|Any CPU
		{F56A85A8-97E0-468F-9535-23BE950A4624}.Release|Any CPU.Build.0 = Release|Any CPU
		{A1004BD3-1542-4C0F-B757-83916EF60B50}.Debug|Any CPU.ActiveCfg = Debug|Any CPU
		{A1004BD3-1542-4C0F-B757-83916EF60B50}.Debug|Any CPU.Build.0 = Debug|Any CPU
		{A1004BD3-1542-4C0F-B757-83916EF60B50}.Release|Any CPU.ActiveCfg = Release|Any CPU
		{A1004BD3-1542-4C0F-B757-83916EF60B50}.Release|Any CPU.Build.0 = Release|Any CPU
		{F9DF41EF-DED4-45AA-BEC9-4A01B64D6F7D}.Debug|Any CPU.ActiveCfg = Debug|Any CPU
		{F9DF41EF-DED4-45AA-BEC9-4A01B64D6F7D}.Debug|Any CPU.Build.0 = Debug|Any CPU
		{F9DF41EF-DED4-45AA-BEC9-4A01B64D6F7D}.Release|Any CPU.ActiveCfg = Release|Any CPU
		{F9DF41EF-DED4-45AA-BEC9-4A01B64D6F7D}.Release|Any CPU.Build.0 = Release|Any CPU
		{0B513555-A17A-4058-BC4F-F7A4754DC4FE}.Debug|Any CPU.ActiveCfg = Debug|Any CPU
		{0B513555-A17A-4058-BC4F-F7A4754DC4FE}.Debug|Any CPU.Build.0 = Debug|Any CPU
		{0B513555-A17A-4058-BC4F-F7A4754DC4FE}.Release|Any CPU.ActiveCfg = Release|Any CPU
		{0B513555-A17A-4058-BC4F-F7A4754DC4FE}.Release|Any CPU.Build.0 = Release|Any CPU
		{686A0201-5191-4C44-8D2C-6BD12D0DF7CE}.Debug|Any CPU.ActiveCfg = Debug|Any CPU
		{686A0201-5191-4C44-8D2C-6BD12D0DF7CE}.Debug|Any CPU.Build.0 = Debug|Any CPU
		{686A0201-5191-4C44-8D2C-6BD12D0DF7CE}.Release|Any CPU.ActiveCfg = Release|Any CPU
		{686A0201-5191-4C44-8D2C-6BD12D0DF7CE}.Release|Any CPU.Build.0 = Release|Any CPU
	EndGlobalSection
	GlobalSection(NestedProjects) = preSolution
		{7BC5D873-31A5-4793-9176-28BD72C797D0} = {6AC62705-1A1C-4D2B-BCD4-95D0C556FB91}
		{4A3BBC80-F4E0-477B-B62C-D8135B63235F} = {6AC62705-1A1C-4D2B-BCD4-95D0C556FB91}
		{790CD86C-1BA1-4E74-AEDD-9E67A63321ED} = {6AC62705-1A1C-4D2B-BCD4-95D0C556FB91}
		{1C0177EE-33C6-4822-B3F6-3ADBD1B9BC1E} = {4A3BBC80-F4E0-477B-B62C-D8135B63235F}
		{ABB0F55B-4E61-44D5-9208-A7A4342AB1AE} = {1C0177EE-33C6-4822-B3F6-3ADBD1B9BC1E}
		{94500072-145E-41B3-B7AD-42E34C0661DA} = {1C0177EE-33C6-4822-B3F6-3ADBD1B9BC1E}
		{C6AC83E7-1089-49C7-A579-B5A5A29D488A} = {1C0177EE-33C6-4822-B3F6-3ADBD1B9BC1E}
		{C2ED5058-710A-4143-97FE-BDDF49C3BFB4} = {1C0177EE-33C6-4822-B3F6-3ADBD1B9BC1E}
		{A62116ED-9570-40D5-96C9-CB8B785BE035} = {4A3BBC80-F4E0-477B-B62C-D8135B63235F}
		{7DDEE0C5-EAC9-4462-BF45-044706A59896} = {A62116ED-9570-40D5-96C9-CB8B785BE035}
		{23BB581D-A34B-40CE-AD14-0F585D6C6EF8} = {A62116ED-9570-40D5-96C9-CB8B785BE035}
		{81064C77-788D-4448-980B-33081DDFA23F} = {A62116ED-9570-40D5-96C9-CB8B785BE035}
		{64D77EF2-5F3B-424E-BD73-9C6FE86FA038} = {A62116ED-9570-40D5-96C9-CB8B785BE035}
		{AE1FA81E-43C3-4C6E-B6E3-5339908FA8C2} = {A62116ED-9570-40D5-96C9-CB8B785BE035}
		{AB9A8FEE-8E63-4BA8-971D-2ECD6A435F83} = {7BC5D873-31A5-4793-9176-28BD72C797D0}
		{0B5711E9-60ED-4DF8-A62E-655C2030CBA3} = {AB9A8FEE-8E63-4BA8-971D-2ECD6A435F83}
		{C24073D8-F653-4BA4-AB37-CE40507334A0} = {A62116ED-9570-40D5-96C9-CB8B785BE035}
		{7444FBBE-66D4-457D-A035-CBE6A97A8115} = {7BC5D873-31A5-4793-9176-28BD72C797D0}
		{1017BA85-886B-4262-858B-56193C119A5B} = {7444FBBE-66D4-457D-A035-CBE6A97A8115}
		{87300D01-0DD2-4A1E-BB67-2562EEB272A9} = {4A3BBC80-F4E0-477B-B62C-D8135B63235F}
		{43050D28-41A1-426E-8DCA-984E29B1BE73} = {87300D01-0DD2-4A1E-BB67-2562EEB272A9}
		{F56A85A8-97E0-468F-9535-23BE950A4624} = {87300D01-0DD2-4A1E-BB67-2562EEB272A9}
		{A1004BD3-1542-4C0F-B757-83916EF60B50} = {87300D01-0DD2-4A1E-BB67-2562EEB272A9}
		{F9DF41EF-DED4-45AA-BEC9-4A01B64D6F7D} = {87300D01-0DD2-4A1E-BB67-2562EEB272A9}
		{0B513555-A17A-4058-BC4F-F7A4754DC4FE} = {87300D01-0DD2-4A1E-BB67-2562EEB272A9}
		{686A0201-5191-4C44-8D2C-6BD12D0DF7CE} = {87300D01-0DD2-4A1E-BB67-2562EEB272A9}
	EndGlobalSection
EndGlobal
